dependencies:
- name: mariadb
  repository: https://charts.bitmoa.net/bitmoa/
  version: 22.2.0
- name: common
  repository: https://charts.bitmoa.net/bitmoa/
  version: 2.31.4
digest: sha256:3b0bee9bbda1b3846835ff5a91387cd8569a579c66996b89a2e8869b65fa231e
generated: "2026-09-22T10:48:09.247051293Z"
