dependencies:
- name: mariadb
  repository: https://charts.bitmoa.net/bitmoa/
  version: 22.2.4
- name: common
  repository: https://charts.bitmoa.net/bitmoa/
  version: 2.31.4
digest: sha256:3af885e677857943939bdc1c6175af25c30fc00a0db5227d4b23cb0f201507d9
generated: "2026-10-05T09:15:08.21595428Z"
