dependencies:
- name: common
  repository: https://charts.bitmoa.net/bitmoa/
  version: 2.31.4
- name: cassandra
  repository: https://charts.bitmoa.net/bitmoa/
  version: 12.4.5
digest: sha256:093d6bbd80142b1d744ca7a0a62eed0da5240e32a7f50449783280c5395b4e53
generated: "2026-10-05T09:25:15.171864539Z"
