dependencies:
- name: common
  repository: https://charts.bitmoa.net/bitmoa/
  version: 2.31.4
- name: cassandra
  repository: https://charts.bitmoa.net/bitmoa/
  version: 12.4.0
digest: sha256:7d3621bc6d5f298884947f7c439f27199d478fce9d414c8e063b53bae8f91d40
generated: "2026-09-15T02:39:03.221535895Z"
