dependencies:
- name: common
  repository: https://charts.bitmoa.net/bitmoa/
  version: 2.31.4
- name: cassandra
  repository: https://charts.bitmoa.net/bitmoa/
  version: 12.3.12
digest: sha256:516c37997f836fff09657cbcec0dcaf688c94c85c4d78421933e1729464b5d89
generated: "2026-09-15T02:25:41.475130487Z"
