dependencies:
- name: redis
  repository: https://charts.bitmoa.net/bitmoa/
  version: 22.2.12
- name: common
  repository: https://charts.bitmoa.net/bitmoa/
  version: 2.31.4
digest: sha256:3ee3f051e35e39dc76f3e0db450e29ccf15ac4a0fca74e25a622fc640c075527
generated: "2026-10-05T09:28:42.760590419Z"
