dependencies:
- name: redis
  repository: https://charts.bitmoa.net/bitmoa/
  version: 22.2.14
- name: common
  repository: https://charts.bitmoa.net/bitmoa/
  version: 2.31.4
digest: sha256:726c313ceabc186cb36ee0c9fd838d043ebd91b26c657274f048daacc19f2e78
generated: "2026-10-06T18:15:00.464529077Z"
