dependencies:
- name: cassandra
  repository: https://charts.bitmoa.net/bitmoa/
  version: 12.4.3
- name: common
  repository: https://charts.bitmoa.net/bitmoa/
  version: 2.31.4
digest: sha256:e92b025738d9f13bdbb8b57e160054dd3e337cc1c8a04c3e1ed6d47cd7f0e8e6
generated: "2026-09-26T13:39:51.301076465Z"
