dependencies:
- name: cassandra
  repository: https://charts.bitmoa.net/bitmoa/
  version: 12.4.8
- name: common
  repository: https://charts.bitmoa.net/bitmoa/
  version: 2.31.4
digest: sha256:22694d8be39d516eec7db497ee9735cf86a6b95d2ee0c00ae5ab3ca915b63e34
generated: "2026-10-06T22:24:24.286700849Z"
