dependencies:
- name: cassandra
  repository: https://charts.bitmoa.net/bitmoa/
  version: 12.4.0
- name: common
  repository: https://charts.bitmoa.net/bitmoa/
  version: 2.31.4
digest: sha256:9027af79d962a798c190a429f75f8ebe05bbe68cb3b30343695733ab14e1959b
generated: "2026-09-15T02:36:44.149296452Z"
