dependencies:
- name: memcached
  repository: https://charts.bitmoa.net/bitmoa/
  version: 7.10.3
- name: common
  repository: https://charts.bitmoa.net/bitmoa/
  version: 2.31.4
digest: sha256:207352b1297b1a3915083f32d32eeba7cc9d24434c7f0796d6bc1e35e3d2f961
generated: "2026-09-30T16:38:56.318533303Z"
