dependencies:
- name: memcached
  repository: https://charts.bitmoa.net/bitmoa/
  version: 7.10.4
- name: common
  repository: https://charts.bitmoa.net/bitmoa/
  version: 2.31.4
digest: sha256:2ad758bce23299ced4b6ffd53485bc09e4e376fe8fb5c7abe546305bf295f502
generated: "2026-10-05T08:29:45.556726612Z"
