dependencies:
- name: memcached
  repository: https://charts.bitmoa.net/bitmoa/
  version: 7.10.6
- name: common
  repository: https://charts.bitmoa.net/bitmoa/
  version: 2.31.4
digest: sha256:2ababeb6f2121882c590713b05a737607ba969b4bb16ee6b6a5163662ee605d4
generated: "2026-10-07T00:46:22.999613165Z"
