dependencies:
- name: cassandra
  repository: https://charts.bitmoa.net/bitmoa/
  version: 12.4.3
- name: common
  repository: https://charts.bitmoa.net/bitmoa/
  version: 2.31.4
digest: sha256:7eb801e7d174e68d2a40653b3c4ada73ca41a6ff7dbd6e2dd431ae4aef6d2e95
generated: "2026-10-05T08:42:39.324629221Z"
