dependencies:
- name: cassandra
  repository: https://charts.bitmoa.net/bitmoa/
  version: 12.4.9
- name: common
  repository: https://charts.bitmoa.net/bitmoa/
  version: 2.31.4
digest: sha256:9e4ad142265c70e144e3ab499d047f75a2f9e8f02c6c129435ce21fac56a49e7
generated: "2026-10-07T01:10:06.393152027Z"
