dependencies:
- name: cassandra
  repository: https://charts.bitmoa.net/bitmoa/
  version: 12.3.12
- name: common
  repository: https://charts.bitmoa.net/bitmoa/
  version: 2.31.4
digest: sha256:7ad83dfc40d8c37c7add540bf9f8ced6d7f045cc9feb40d40887fe657cee7736
generated: "2026-09-15T02:26:35.61034821Z"
