dependencies:
- name: memcached
  repository: https://charts.bitmoa.net/bitmoa/
  version: 7.10.0
- name: mariadb
  repository: https://charts.bitmoa.net/bitmoa/
  version: 22.1.0
- name: common
  repository: https://charts.bitmoa.net/bitmoa/
  version: 2.31.4
digest: sha256:1fe76d0f52e874f17d7f8b9953d567c6536ce34facc2fcc1878eae47405ccd6a
generated: "2026-09-15T22:41:45.974261983Z"
