dependencies:
- name: memcached
  repository: https://charts.bitmoa.net/bitmoa/
  version: 7.10.6
- name: mariadb
  repository: https://charts.bitmoa.net/bitmoa/
  version: 22.2.6
- name: common
  repository: https://charts.bitmoa.net/bitmoa/
  version: 2.31.4
digest: sha256:1aef8f7fb0b8a9f0e6ef59f9d38bf979211be7eae9608cd0a205983e4dd66265
generated: "2026-10-05T14:44:14.830303769Z"
