dependencies:
- name: memcached
  repository: https://charts.bitmoa.net/bitmoa/
  version: 7.9.8
- name: mariadb
  repository: https://charts.bitmoa.net/bitmoa/
  version: 22.0.3
- name: common
  repository: https://charts.bitmoa.net/bitmoa/
  version: 2.31.4
digest: sha256:1c5ea7b0fe5974be75d664d6863e62d6d0bcb16454059b6f420b58a133dce6f3
generated: "2026-09-15T01:37:53.145550059Z"
