dependencies:
- name: redis
  repository: https://charts.bitmoa.net/bitmoa/
  version: 22.2.14
- name: postgresql
  repository: https://charts.bitmoa.net/bitmoa/
  version: 16.8.15
- name: common
  repository: https://charts.bitmoa.net/bitmoa/
  version: 2.31.4
digest: sha256:a513c7ed614399de92de327fd98ae68a62c3b3a225ea3654046c9d7ee4c5b96f
generated: "2026-10-06T18:15:48.667702462Z"
