dependencies:
- name: redis
  repository: https://charts.bitmoa.net/bitmoa/
  version: 22.0.8
- name: postgresql
  repository: https://charts.bitmoa.net/bitmoa/
  version: 16.8.1
- name: common
  repository: https://charts.bitmoa.net/bitmoa/
  version: 2.31.4
digest: sha256:4a6866d7872533941c92d841456ea89589f2bae654f82f5971a4ce18dc256ca5
generated: "2026-09-15T02:56:11.11375866Z"
