dependencies:
- name: redis
  repository: https://charts.bitmoa.net/bitmoa/
  version: 22.2.11
- name: postgresql
  repository: https://charts.bitmoa.net/bitmoa/
  version: 16.8.13
- name: common
  repository: https://charts.bitmoa.net/bitmoa/
  version: 2.31.4
digest: sha256:f6d40c455097f502c491cce58639969dccccd0465063cc787bd7c91293c68908
generated: "2026-10-05T08:32:34.896021124Z"
