dependencies:
- name: postgresql
  repository: https://charts.bitmoa.net/bitmoa/
  version: 16.8.18
- name: common
  repository: https://charts.bitmoa.net/bitmoa/
  version: 2.31.4
digest: sha256:4931d3e8a0ef834c569ccf09ee8d1f589dbd93f16f73fa2607a4b587beb7b944
generated: "2026-10-08T20:41:22.196377998Z"
