dependencies:
- name: postgresql
  repository: https://charts.bitmoa.net/bitmoa/
  version: 16.8.17
- name: common
  repository: https://charts.bitmoa.net/bitmoa/
  version: 2.31.4
digest: sha256:5314e2a1d841d01f180f55acd58eeca783edbd4908c6bd7ab1e660259c1116ed
generated: "2026-10-07T01:26:36.613392468Z"
