dependencies:
- name: postgresql
  repository: https://charts.bitmoa.net/bitmoa/
  version: 16.8.0
- name: common
  repository: https://charts.bitmoa.net/bitmoa/
  version: 2.31.4
digest: sha256:59e93838eb95538e34d0071f95a3bd3e0070ec89d1579059a95eede2f5cd964f
generated: "2026-09-15T02:33:11.027367574Z"
