dependencies:
- name: postgresql
  repository: https://charts.bitmoa.net/bitmoa/
  version: 16.8.1
- name: common
  repository: https://charts.bitmoa.net/bitmoa/
  version: 2.31.4
digest: sha256:3e3a6a2d99350a2442883b60ee1c545af16875c91a9148cf61aa2c1bc2387d61
generated: "2026-09-15T04:21:40.930163082Z"
