dependencies:
- name: postgresql
  repository: https://charts.bitmoa.net/bitmoa/
  version: 16.8.10
- name: common
  repository: https://charts.bitmoa.net/bitmoa/
  version: 2.31.4
- name: cassandra
  repository: https://charts.bitmoa.net/bitmoa/
  version: 12.4.3
digest: sha256:6f66be7c8da262185e3b0c7314f5ecbed3cf4b34319e8a116f0c9e7185fdf438
generated: "2026-10-02T13:31:22.852373402Z"
