dependencies:
- name: postgresql
  repository: https://charts.bitmoa.net/bitmoa/
  version: 16.8.7
- name: common
  repository: https://charts.bitmoa.net/bitmoa/
  version: 2.31.4
- name: cassandra
  repository: https://charts.bitmoa.net/bitmoa/
  version: 12.4.1
digest: sha256:4e9e1213d7c778f0e219b01eddc124630cccc81eeff89a5eaf6dfd891d2912d2
generated: "2026-09-26T08:32:01.576625656Z"
