dependencies:
- name: postgresql
  repository: https://charts.bitmoa.net/bitmoa/
  version: 16.8.0
- name: common
  repository: https://charts.bitmoa.net/bitmoa/
  version: 2.31.4
- name: cassandra
  repository: https://charts.bitmoa.net/bitmoa/
  version: 12.4.0
digest: sha256:9888a5b5049a18efec81b383922524ac81e1aa715d60c897b56110169501fe5c
generated: "2026-09-15T02:45:08.237140529Z"
