dependencies:
- name: postgresql
  repository: https://charts.bitmoa.net/bitmoa/
  version: 16.8.15
- name: mysql
  repository: https://charts.bitmoa.net/bitmoa/
  version: 14.1.7
- name: common
  repository: https://charts.bitmoa.net/bitmoa/
  version: 2.31.4
digest: sha256:60be4b3f7ae1373033b77d804cc2fec206c426aa2740e169245fa31d5340eb7e
generated: "2026-10-06T18:04:55.26475095Z"
