dependencies:
- name: postgresql
  repository: https://charts.bitmoa.net/bitmoa/
  version: 16.8.3
- name: mysql
  repository: https://charts.bitmoa.net/bitmoa/
  version: 14.1.1
- name: common
  repository: https://charts.bitmoa.net/bitmoa/
  version: 2.31.4
digest: sha256:c75deb27179475645204f1b5ac043c94c385e554daeb7394c75862601128ae43
generated: "2026-09-18T14:47:25.251195136Z"
