dependencies:
- name: postgresql
  repository: https://charts.bitmoa.net/bitmoa/
  version: 16.8.18
- name: mariadb
  repository: https://charts.bitmoa.net/bitmoa/
  version: 22.2.9
- name: common
  repository: https://charts.bitmoa.net/bitmoa/
  version: 2.31.4
digest: sha256:11274d14912ff51b0500c5966429ffe488a7b6159157bc12b37afbddd831d1c3
generated: "2026-10-07T03:14:23.623052447Z"
