dependencies:
- name: postgresql
  repository: https://charts.bitmoa.net/bitmoa/
  version: 16.8.10
- name: mariadb
  repository: https://charts.bitmoa.net/bitmoa/
  version: 22.2.3
- name: common
  repository: https://charts.bitmoa.net/bitmoa/
  version: 2.31.4
digest: sha256:3e1cb4120ef0e202f91375c86af08cd235ba9a35047966be2f10f134d665725a
generated: "2026-09-28T14:52:35.112196432Z"
