dependencies:
- name: postgresql
  repository: https://charts.bitmoa.net/bitmoa/
  version: 16.8.15
- name: mariadb
  repository: https://charts.bitmoa.net/bitmoa/
  version: 22.2.6
- name: common
  repository: https://charts.bitmoa.net/bitmoa/
  version: 2.31.4
digest: sha256:016255fb6c898b1237e362e8bcfe14735e02e8ad711ce28918babe9ea1547f0e
generated: "2026-10-05T13:23:50.52566429Z"
