dependencies:
- name: mariadb
  repository: https://charts.bitmoa.net/bitmoa/
  version: 22.1.0
- name: common
  repository: https://charts.bitmoa.net/bitmoa/
  version: 2.31.4
digest: sha256:c4b25f1a76966da2c5672b92352affbe073e306efdc8fe0b4139b3b9649db93e
generated: "2026-09-15T22:40:57.949565855Z"
