dependencies:
- name: minio
  repository: https://charts.bitmoa.net/bitmoa/
  version: 17.1.2
- name: postgresql
  repository: https://charts.bitmoa.net/bitmoa/
  version: 16.8.13
- name: common
  repository: https://charts.bitmoa.net/bitmoa/
  version: 2.31.4
digest: sha256:e0da14f3bd0218216ac0504c0dbffbe50eb153f0485ba482d7efb25c77e64eee
generated: "2026-10-05T08:57:33.260970077Z"
