dependencies:
- name: minio
  repository: https://charts.bitmoa.net/bitmoa/
  version: 17.1.0
- name: postgresql
  repository: https://charts.bitmoa.net/bitmoa/
  version: 16.8.1
- name: common
  repository: https://charts.bitmoa.net/bitmoa/
  version: 2.31.4
digest: sha256:1e41bb816658bd1672f681eb24d34a38bc78c14239fae2dbb3bbb7949ecc06b6
generated: "2026-09-15T05:15:35.859038824Z"
