dependencies:
- name: minio
  repository: https://charts.bitmoa.net/bitmoa/
  version: 17.1.2
- name: postgresql
  repository: https://charts.bitmoa.net/bitmoa/
  version: 16.8.14
- name: common
  repository: https://charts.bitmoa.net/bitmoa/
  version: 2.31.4
digest: sha256:e365354eeca5e7caa783f7b4733370ba0209f967c7de445e67741d7e8fe43858
generated: "2026-10-05T09:35:30.520278633Z"
