dependencies:
- name: redis
  repository: https://charts.bitmoa.net/bitmoa/
  version: 22.2.3
- name: mongodb
  repository: https://charts.bitmoa.net/bitmoa/
  version: 16.6.1
- name: common
  repository: https://charts.bitmoa.net/bitmoa/
  version: 2.31.4
digest: sha256:e7cd81f0d9b89aacbdddb143664fd57e265819b23307bd75370c9c17c47d20c8
generated: "2026-09-26T03:06:50.663211816Z"
