dependencies:
- name: redis
  repository: https://charts.bitmoa.net/bitmoa/
  version: 22.2.9
- name: mongodb
  repository: https://charts.bitmoa.net/bitmoa/
  version: 16.6.4
- name: common
  repository: https://charts.bitmoa.net/bitmoa/
  version: 2.31.4
digest: sha256:b8f74a66a8e16d9af833e8f2d4a6c24200b1e936f9175fd62daf904ac8f75627
generated: "2026-09-28T14:51:47.789482635Z"
