dependencies:
- name: redis
  repository: https://charts.bitmoa.net/bitmoa/
  version: 22.1.1
- name: mongodb
  repository: https://charts.bitmoa.net/bitmoa/
  version: 16.5.49
- name: common
  repository: https://charts.bitmoa.net/bitmoa/
  version: 2.31.4
digest: sha256:ef6b7f1a0b9855c53bbf6432e9175e49cf51ac338f0243b1e19d53ab6f842f07
generated: "2026-09-17T10:50:08.277242917Z"
