dependencies:
- name: mariadb
  repository: https://charts.bitmoa.net/bitmoa/
  version: 22.1.0
- name: common
  repository: https://charts.bitmoa.net/bitmoa/
  version: 2.31.4
digest: sha256:db632e85c73ac141eec93af8a52760df633ad7ca6749940c94ca8a3cd214e916
generated: "2026-09-15T22:41:13.902909376Z"
