dependencies:
- name: mariadb
  repository: https://charts.bitmoa.net/bitmoa/
  version: 22.2.6
- name: common
  repository: https://charts.bitmoa.net/bitmoa/
  version: 2.31.4
digest: sha256:d1e36e94960c7c65664e48b6bbcb23ace26d04ef9541be1445b5bfc3ca63f5d1
generated: "2026-10-06T18:20:53.165418682Z"
