dependencies:
- name: mariadb
  repository: https://charts.bitmoa.net/bitmoa/
  version: 22.2.9
- name: common
  repository: https://charts.bitmoa.net/bitmoa/
  version: 2.31.4
digest: sha256:a45fa2fc5386795eae0530274ae64e699d286c049a17306194641418c480cfc8
generated: "2026-10-08T20:55:38.421524753Z"
