dependencies:
- name: redis
  repository: https://charts.bitmoa.net/bitmoa/
  version: 22.2.11
- name: common
  repository: https://charts.bitmoa.net/bitmoa/
  version: 2.31.4
digest: sha256:6ded289ccb4618d06489e72cdd03b221d563ea69ef39f4f126f5547c4d2b62f5
generated: "2026-10-05T08:54:04.123302185Z"
