dependencies:
- name: redis
  repository: https://charts.bitmoa.net/bitmoa/
  version: 22.2.18
- name: common
  repository: https://charts.bitmoa.net/bitmoa/
  version: 2.31.4
digest: sha256:430a7c5f884898d55235df194d5694055272c511f7cf3c1f471576720595c11b
generated: "2026-10-09T01:14:46.723760294Z"
