dependencies:
- name: redis
  repository: https://charts.bitmoa.net/bitmoa/
  version: 22.2.12
- name: postgresql
  repository: https://charts.bitmoa.net/bitmoa/
  version: 16.8.13
- name: common
  repository: https://charts.bitmoa.net/bitmoa/
  version: 2.31.4
digest: sha256:ce66699b247f5f3cb3be90741547fbf26cf3de809a4650cb991df1033f9a4b6f
generated: "2026-10-05T09:28:19.938213396Z"
