dependencies:
- name: postgresql
  repository: https://charts.bitmoa.net/bitmoa/
  version: 16.8.18
- name: common
  repository: https://charts.bitmoa.net/bitmoa/
  version: 2.31.4
digest: sha256:f21c2c13223faa05e0a37263d971a45d5750bbe5fa6853c71df80fbeaa1971b6
generated: "2026-10-08T20:37:59.491570043Z"
