dependencies:
- name: postgresql
  repository: https://charts.bitmoa.net/bitmoa/
  version: 16.8.17
- name: common
  repository: https://charts.bitmoa.net/bitmoa/
  version: 2.31.4
digest: sha256:c0797fbaa4cec066353f9d2ee79c15041518cdd9d80af60320cb054911487036
generated: "2026-10-06T23:05:18.732364475Z"
