dependencies:
- name: postgresql
  repository: https://charts.bitmoa.net/bitmoa/
  version: 16.8.15
- name: common
  repository: https://charts.bitmoa.net/bitmoa/
  version: 2.31.4
digest: sha256:87d301ff848071b2c998dab7972256f1fff0cfaab2037fa78c4e99a0f039cd13
generated: "2026-10-05T17:43:34.613036363Z"
