dependencies:
- name: mongodb
  repository: https://charts.bitmoa.net/bitmoa/
  version: 16.6.7
- name: common
  repository: https://charts.bitmoa.net/bitmoa/
  version: 2.31.4
digest: sha256:0a0ee7da147a02608fd61143c0705e3df9fbc42e20082fafcf5924cd95c8f7bc
generated: "2026-10-05T09:16:12.015523254Z"
