dependencies:
- name: mongodb
  repository: https://charts.bitmoa.net/bitmoa/
  version: 16.5.48
- name: common
  repository: https://charts.bitmoa.net/bitmoa/
  version: 2.31.4
digest: sha256:06705a89447c98847d52fb59530fad7d3d6c25f791d77d666f823c51ee36b6f2
generated: "2026-09-15T06:24:15.275321215Z"
