dependencies:
- name: mongodb
  repository: https://charts.bitmoa.net/bitmoa/
  version: 16.6.10
- name: common
  repository: https://charts.bitmoa.net/bitmoa/
  version: 2.31.4
digest: sha256:13fbff779911a730d64dbf80feb015eeed0e5af38df98e9f071a9b298481c7ee
generated: "2026-10-05T23:37:05.363092313Z"
