dependencies:
- name: minio
  repository: https://charts.bitmoa.net/bitmoa/
  version: 17.1.2
- name: memcached
  repository: https://charts.bitmoa.net/bitmoa/
  version: 7.10.4
- name: memcached
  repository: https://charts.bitmoa.net/bitmoa/
  version: 7.10.4
- name: memcached
  repository: https://charts.bitmoa.net/bitmoa/
  version: 7.10.4
- name: memcached
  repository: https://charts.bitmoa.net/bitmoa/
  version: 7.10.4
- name: common
  repository: https://charts.bitmoa.net/bitmoa/
  version: 2.31.4
digest: sha256:624765b46c0688567c5300112da4de76c3ad8087514682f1211b48e421c8ab6a
generated: "2026-10-05T08:30:36.001444256Z"
