dependencies:
- name: minio
  repository: https://charts.bitmoa.net/bitmoa/
  version: 17.1.0
- name: memcached
  repository: https://charts.bitmoa.net/bitmoa/
  version: 7.9.8
- name: memcached
  repository: https://charts.bitmoa.net/bitmoa/
  version: 7.9.8
- name: memcached
  repository: https://charts.bitmoa.net/bitmoa/
  version: 7.9.8
- name: memcached
  repository: https://charts.bitmoa.net/bitmoa/
  version: 7.9.8
- name: common
  repository: https://charts.bitmoa.net/bitmoa/
  version: 2.31.4
digest: sha256:2ee387abd9fa281ba436165f5e0bed8e80d8bc4596df5a5e1a3f5e4f306b9d5d
generated: "2026-09-15T01:55:13.736804045Z"
