dependencies:
- name: minio
  repository: https://charts.bitmoa.net/bitmoa/
  version: 17.1.0
- name: memcached
  repository: https://charts.bitmoa.net/bitmoa/
  version: 7.10.0
- name: memcached
  repository: https://charts.bitmoa.net/bitmoa/
  version: 7.10.0
- name: memcached
  repository: https://charts.bitmoa.net/bitmoa/
  version: 7.10.0
- name: memcached
  repository: https://charts.bitmoa.net/bitmoa/
  version: 7.10.0
- name: common
  repository: https://charts.bitmoa.net/bitmoa/
  version: 2.31.4
digest: sha256:ce7abdeea10fbe8d8f8c884d6fa487bd10bd5d50653fda26b6c9173b2aaca109
generated: "2026-09-15T03:32:01.879251535Z"
