dependencies:
- name: zookeeper
  repository: https://charts.bitmoa.net/bitmoa/
  version: 13.9.1
- name: common
  repository: https://charts.bitmoa.net/bitmoa/
  version: 2.31.4
digest: sha256:288b1843588d01c0f41a22e7e473f6c0ce81700901ac7f8a5f2fb9acae0b9264
generated: "2026-09-26T13:58:40.460161259Z"
