dependencies:
- name: zookeeper
  repository: https://charts.bitmoa.net/bitmoa/
  version: 13.9.0
- name: common
  repository: https://charts.bitmoa.net/bitmoa/
  version: 2.31.4
digest: sha256:d22093979ae59c1daf6b03d8247910e2554101214854a0045ec865350d8a18dd
generated: "2026-09-26T13:39:18.940886388Z"
