dependencies:
- name: zookeeper
  repository: https://charts.bitmoa.net/bitmoa/
  version: 13.9.4
- name: common
  repository: https://charts.bitmoa.net/bitmoa/
  version: 2.31.4
digest: sha256:27d87dadc95e9b70f543343febe271d44d83e6a3ed9e5364f81ea513d1f57515
generated: "2026-10-06T22:18:01.074059956Z"
