dependencies:
- name: minio
  repository: https://charts.bitmoa.net/bitmoa/
  version: 17.1.1
- name: zookeeper
  repository: https://charts.bitmoa.net/bitmoa/
  version: 13.8.7
- name: common
  repository: https://charts.bitmoa.net/bitmoa/
  version: 2.31.4
digest: sha256:660b779141838592a291250e6b52d9efa04ded13cb636a55a57245e72f179886
generated: "2026-09-15T06:57:02.523997936Z"
