dependencies:
- name: minio
  repository: https://charts.bitmoa.net/bitmoa/
  version: 17.1.2
- name: zookeeper
  repository: https://charts.bitmoa.net/bitmoa/
  version: 13.9.2
- name: common
  repository: https://charts.bitmoa.net/bitmoa/
  version: 2.31.4
digest: sha256:49b5f776e2343c7f78c1b247bb08f28c182af684a65e5ca1ea3a7a92fe4e998b
generated: "2026-10-05T08:59:56.719583296Z"
