dependencies:
- name: minio
  repository: https://charts.bitmoa.net/bitmoa/
  version: 17.1.1
- name: zookeeper
  repository: https://charts.bitmoa.net/bitmoa/
  version: 13.9.0
- name: common
  repository: https://charts.bitmoa.net/bitmoa/
  version: 2.31.4
digest: sha256:c10853f9a8bd6f78b478a3c642a81e706827abcef91a066a28ceedd7c26dc7ff
generated: "2026-09-18T14:47:30.822900321Z"
