dependencies:
- name: mariadb
  repository: https://charts.bitmoa.net/bitmoa/
  version: 22.2.0
- name: postgresql
  repository: https://charts.bitmoa.net/bitmoa/
  version: 16.8.4
- name: common
  repository: https://charts.bitmoa.net/bitmoa/
  version: 2.31.4
digest: sha256:eace5f290598bc784f2a838202ef2b3e26b3552ff5bd75b9556f5cc9d0ab65ef
generated: "2026-09-20T13:44:36.305474807Z"
