dependencies:
- name: mariadb
  repository: https://charts.bitmoa.net/bitmoa/
  version: 22.2.6
- name: postgresql
  repository: https://charts.bitmoa.net/bitmoa/
  version: 16.8.15
- name: common
  repository: https://charts.bitmoa.net/bitmoa/
  version: 2.31.4
digest: sha256:8abadf365cc53b1ff513913ddeb0745644553eeb1f762d6933b2aa722853bcae
generated: "2026-10-05T13:29:02.846189768Z"
