dependencies:
- name: mariadb
  repository: https://charts.bitmoa.net/bitmoa/
  version: 22.2.3
- name: postgresql
  repository: https://charts.bitmoa.net/bitmoa/
  version: 16.8.13
- name: common
  repository: https://charts.bitmoa.net/bitmoa/
  version: 2.31.4
digest: sha256:447efe6963c878bf4175ea3454427c6685e947c44a0164ee32d4c2d9138c0ffa
generated: "2026-10-05T09:13:09.363041779Z"
