dependencies:
- name: redis
  repository: https://charts.bitmoa.net/bitmoa/
  version: 22.2.3
- name: postgresql
  repository: https://charts.bitmoa.net/bitmoa/
  version: 16.8.6
- name: common
  repository: https://charts.bitmoa.net/bitmoa/
  version: 2.31.4
digest: sha256:5298a7b9b7b64927ef67f39875414573646f3f0022f5a1384d0efa4d253b0ca4
generated: "2026-09-25T12:34:21.825884026Z"
