dependencies:
- name: redis
  repository: https://charts.bitmoa.net/bitmoa/
  version: 22.2.18
- name: postgresql
  repository: https://charts.bitmoa.net/bitmoa/
  version: 16.8.18
- name: common
  repository: https://charts.bitmoa.net/bitmoa/
  version: 2.31.4
digest: sha256:d0047a683034487c96177181eee4a6805bd23a1a6df8998eac28ce6ad9322545
generated: "2026-10-09T01:07:10.487646915Z"
