dependencies:
- name: redis
  repository: https://charts.bitmoa.net/bitmoa/
  version: 22.0.8
- name: postgresql
  repository: https://charts.bitmoa.net/bitmoa/
  version: 16.8.0
- name: common
  repository: https://charts.bitmoa.net/bitmoa/
  version: 2.31.4
digest: sha256:086428c5228e8ed86182b46bcb3dc6849469fee7006ee350c502f0a8334f8816
generated: "2026-09-15T02:42:15.596240803Z"
