dependencies:
- name: redis
  repository: https://charts.bitmoa.net/bitmoa/
  version: 22.2.8
- name: postgresql
  repository: https://charts.bitmoa.net/bitmoa/
  version: 16.8.9
- name: elasticsearch
  repository: https://charts.bitmoa.net/bitmoa/
  version: 22.2.2
- name: minio
  repository: https://charts.bitmoa.net/bitmoa/
  version: 17.1.2
- name: apache
  repository: https://charts.bitmoa.net/bitmoa/
  version: 11.5.2
- name: common
  repository: https://charts.bitmoa.net/bitmoa/
  version: 2.31.4
digest: sha256:07f9eb6d0a78180b3b9e0ae4b97fdab8ee1b8d331bfa043f0cc2799dfea65fc0
generated: "2026-09-26T17:37:16.266403619Z"
