dependencies:
- name: redis
  repository: https://charts.bitmoa.net/bitmoa/
  version: 22.2.1
- name: postgresql
  repository: https://charts.bitmoa.net/bitmoa/
  version: 16.8.5
- name: elasticsearch
  repository: https://charts.bitmoa.net/bitmoa/
  version: 22.2.0
- name: minio
  repository: https://charts.bitmoa.net/bitmoa/
  version: 17.1.1
- name: apache
  repository: https://charts.bitmoa.net/bitmoa/
  version: 11.5.0
- name: common
  repository: https://charts.bitmoa.net/bitmoa/
  version: 2.31.4
digest: sha256:0d22676374390a4176a9892484c5b9abbbccb53cf3cdce13ed03458509ce5181
generated: "2026-09-22T15:24:38.178437703Z"
