dependencies:
- name: redis
  repository: https://charts.bitmoa.net/bitmoa/
  version: 22.2.6
- name: postgresql
  repository: https://charts.bitmoa.net/bitmoa/
  version: 16.8.8
- name: elasticsearch
  repository: https://charts.bitmoa.net/bitmoa/
  version: 22.2.2
- name: minio
  repository: https://charts.bitmoa.net/bitmoa/
  version: 17.1.1
- name: apache
  repository: https://charts.bitmoa.net/bitmoa/
  version: 11.5.2
- name: common
  repository: https://charts.bitmoa.net/bitmoa/
  version: 2.31.4
digest: sha256:dd9cb253ed6d04df227cd554ccf0596f821f07485564b7904e2c08805281df61
generated: "2026-09-26T11:52:27.328051835Z"
