dependencies:
- name: etcd
  repository: https://charts.bitmoa.net/bitmoa/
  version: 12.2.5
- name: kafka
  repository: https://charts.bitmoa.net/bitmoa/
  version: 32.5.14
- name: minio
  repository: https://charts.bitmoa.net/bitmoa/
  version: 17.1.4
- name: common
  repository: https://charts.bitmoa.net/bitmoa/
  version: 2.31.4
digest: sha256:b086d498a50e765e52e51c0ca085ffbdc3a2e25350444cc46dc76330c966b21b
generated: "2026-10-09T01:08:09.045501106Z"
