dependencies:
- name: etcd
  repository: https://charts.bitmoa.net/bitmoa/
  version: 12.1.0
- name: kafka
  repository: https://charts.bitmoa.net/bitmoa/
  version: 32.5.0
- name: minio
  repository: https://charts.bitmoa.net/bitmoa/
  version: 17.1.0
- name: common
  repository: https://charts.bitmoa.net/bitmoa/
  version: 2.31.4
digest: sha256:fd8a676471454f8e69435a05a83a3a13bc606ef8b94c76da6d517a8caf56ebd7
generated: "2026-09-15T02:46:41.3118262Z"
