dependencies:
- name: etcd
  repository: https://charts.bitmoa.net/bitmoa/
  version: 12.2.0
- name: kafka
  repository: https://charts.bitmoa.net/bitmoa/
  version: 32.5.2
- name: minio
  repository: https://charts.bitmoa.net/bitmoa/
  version: 17.1.1
- name: common
  repository: https://charts.bitmoa.net/bitmoa/
  version: 2.31.4
digest: sha256:98493f23fe54fa9a99f3efaee4f5ab947c143bb0ab3da27200b5e313a217dec5
generated: "2026-09-26T08:23:48.206773176Z"
