dependencies:
- name: redis
  repository: https://charts.bitmoa.net/bitmoa/
  version: 22.2.18
- name: postgresql
  repository: https://charts.bitmoa.net/bitmoa/
  version: 16.8.18
- name: common
  repository: https://charts.bitmoa.net/bitmoa/
  version: 2.31.4
digest: sha256:28c0ebdec35ab8ed557ac3df161cf631b2d55639ca78eb120b128c9dffe89b2f
generated: "2026-10-08T00:55:29.629374557Z"
