dependencies:
- name: redis
  repository: https://charts.bitmoa.net/bitmoa/
  version: 22.2.14
- name: postgresql
  repository: https://charts.bitmoa.net/bitmoa/
  version: 16.8.15
- name: common
  repository: https://charts.bitmoa.net/bitmoa/
  version: 2.31.4
digest: sha256:2a04eb2cfd0db4d00f05f912b96bd0d31ff4d66edb01e08f846dd990c31aec0b
generated: "2026-10-05T17:48:44.803864088Z"
