dependencies:
- name: redis
  repository: https://charts.bitmoa.net/bitmoa/
  version: 22.2.1
- name: postgresql
  repository: https://charts.bitmoa.net/bitmoa/
  version: 16.8.5
- name: common
  repository: https://charts.bitmoa.net/bitmoa/
  version: 2.31.4
digest: sha256:4989e7067cb093198f3914e6e9dbecc4e33954f75f03ec9c055c5900b7950568
generated: "2026-09-22T10:49:46.700131587Z"
