dependencies:
- name: common
  repository: https://charts.bitmoa.net/bitmoa/
  version: 2.31.4
- name: postgresql
  repository: https://charts.bitmoa.net/bitmoa/
  version: 16.8.5
- name: vault
  repository: https://charts.bitmoa.net/bitmoa/
  version: 1.11.0
digest: sha256:c02106a5f4b7cf8f4452f13c0f3c567c055123e67e5fd3b21e6554594b314e2c
generated: "2026-09-22T10:46:43.601398976Z"
