dependencies:
- name: common
  repository: https://charts.bitmoa.net/bitmoa/
  version: 2.31.4
- name: postgresql
  repository: https://charts.bitmoa.net/bitmoa/
  version: 16.8.10
- name: vault
  repository: https://charts.bitmoa.net/bitmoa/
  version: 1.11.2
digest: sha256:519981650d756a78b17f7b294540f3e121fd6ccf8d7ec157a551a9a979737de4
generated: "2026-09-28T14:51:29.574215327Z"
