dependencies:
- name: common
  repository: https://charts.bitmoa.net/bitmoa/
  version: 2.31.4
- name: postgresql
  repository: https://charts.bitmoa.net/bitmoa/
  version: 16.8.13
- name: vault
  repository: https://charts.bitmoa.net/bitmoa/
  version: 1.11.2
digest: sha256:8a29ede6a5fa092effb017f59afb1648eef48a7c1e1538f1bea8ff00e2ab516f
generated: "2026-10-04T18:57:41.39837349Z"
