dependencies:
- name: kibana
  repository: https://charts.bitmoa.net/bitmoa/
  version: 12.2.0
- name: common
  repository: https://charts.bitmoa.net/bitmoa/
  version: 2.31.4
digest: sha256:656eaf54dcf8e673f5100eec1cacf696609b119d22646bb186ef9415e60259fe
generated: "2026-09-15T02:28:50.819119522Z"
