dependencies:
- name: kibana
  repository: https://charts.bitmoa.net/bitmoa/
  version: 12.3.4
- name: common
  repository: https://charts.bitmoa.net/bitmoa/
  version: 2.31.4
digest: sha256:92ef91ac0e1834389ee23af8c3e40faba7429e5e99894b48983656967631bcd4
generated: "2026-10-05T10:00:55.557461344Z"
