dependencies:
- name: kibana
  repository: https://charts.bitmoa.net/bitmoa/
  version: 12.2.1
- name: common
  repository: https://charts.bitmoa.net/bitmoa/
  version: 2.31.4
digest: sha256:e344aa1f788da5fa1975b5432d6de55606db033731fc3b8bff3dbdabdf2fdc9b
generated: "2026-09-15T22:41:16.376866155Z"
