dependencies:
- name: mariadb
  repository: https://charts.bitmoa.net/bitmoa/
  version: 22.2.5
- name: common
  repository: https://charts.bitmoa.net/bitmoa/
  version: 2.31.4
digest: sha256:79e4962f771abd515736c13b239f9a73745b74939d3e49958cd5cd62a88e72e1
generated: "2026-10-05T09:58:35.304853103Z"
