dependencies:
- name: mariadb
  repository: https://charts.bitmoa.net/bitmoa/
  version: 22.0.3
- name: common
  repository: https://charts.bitmoa.net/bitmoa/
  version: 2.31.4
digest: sha256:921b07834020cc5b02132e0e22bf0f8d0b557fe5ca77d16072c3577a58c52b6e
generated: "2026-09-15T02:52:43.424587355Z"
