dependencies:
- name: mariadb
  repository: https://charts.bitmoa.net/bitmoa/
  version: 22.1.0
- name: common
  repository: https://charts.bitmoa.net/bitmoa/
  version: 2.31.4
digest: sha256:d606f2472a8b60b2870be3cbcfe8e162d57c75927722c8af1204e3f76ae97a81
generated: "2026-09-15T22:41:10.883622522Z"
