dependencies:
- name: mariadb
  repository: https://charts.bitmoa.net/bitmoa/
  version: 22.2.3
- name: common
  repository: https://charts.bitmoa.net/bitmoa/
  version: 2.31.4
digest: sha256:a6a9c9cd78e5647e3e31cc2e50ecd86103edeb7211723b384e6dbe7b5533dc88
generated: "2026-10-05T08:32:24.08888902Z"
