dependencies:
- name: node-exporter
  repository: https://charts.bitmoa.net/bitmoa/
  version: 4.6.1
- name: kube-state-metrics
  repository: https://charts.bitmoa.net/bitmoa/
  version: 5.2.1
- name: common
  repository: https://charts.bitmoa.net/bitmoa/
  version: 2.31.4
- name: kube-prometheus-crds
  repository: file://./charts/kube-prometheus-crds
  version: 0.1.0
digest: sha256:ba9cd981a5ee4b7b2da274cf905c34c599d502c4c18ae6220b4ebfbec7ae0e4f
generated: "2026-09-28T14:52:03.62932191Z"
