dependencies:
- name: node-exporter
  repository: https://charts.bitmoa.net/bitmoa/
  version: 4.6.0
- name: kube-state-metrics
  repository: https://charts.bitmoa.net/bitmoa/
  version: 5.2.1
- name: common
  repository: https://charts.bitmoa.net/bitmoa/
  version: 2.31.4
- name: kube-prometheus-crds
  repository: file://./charts/kube-prometheus-crds
  version: 0.1.0
digest: sha256:7cd45fb14ca275e860a08ab6f6295478f0c1459a649ea2580ec54895ac4e9d48
generated: "2026-09-26T08:35:48.718921498Z"
