dependencies:
- name: node-exporter
  repository: https://charts.bitmoa.net/bitmoa/
  version: 4.6.0
- name: kube-state-metrics
  repository: https://charts.bitmoa.net/bitmoa/
  version: 5.2.0
- name: common
  repository: https://charts.bitmoa.net/bitmoa/
  version: 2.31.4
- name: kube-prometheus-crds
  repository: file://./charts/kube-prometheus-crds
  version: 0.1.0
digest: sha256:76a8bd4323c1b7449d435efbee35256b8f983d08af9b45b3d290d4eb2ac2c95c
generated: "2026-09-17T10:48:14.576522203Z"
