dependencies:
- name: postgresql
  repository: https://charts.bitmoa.net/bitmoa/
  version: 16.8.3
- name: common
  repository: https://charts.bitmoa.net/bitmoa/
  version: 2.31.4
digest: sha256:87948f0ef49ac3fee6cbe00fa66b40e6c859b4f6148bde10b9730795165183e6
generated: "2026-09-18T14:58:27.194414118Z"
