dependencies:
- name: postgresql
  repository: https://charts.bitmoa.net/bitmoa/
  version: 16.8.2
- name: common
  repository: https://charts.bitmoa.net/bitmoa/
  version: 2.31.4
digest: sha256:c58b870ca63cbd18adbfe48ae5ea875dec51c5ec981109903947fa08fd6f2e0d
generated: "2026-09-15T07:01:54.827612965Z"
