dependencies:
- name: postgresql
  repository: https://charts.bitmoa.net/bitmoa/
  version: 16.8.4
- name: common
  repository: https://charts.bitmoa.net/bitmoa/
  version: 2.31.4
digest: sha256:a856e34de7316ba854f19a65c3d47dbb3a67c33f617404b5343576a14a14a200
generated: "2026-09-20T13:41:14.464187151Z"
