dependencies:
- name: postgresql
  repository: https://charts.bitmoa.net/bitmoa/
  version: 16.8.14
- name: common
  repository: https://charts.bitmoa.net/bitmoa/
  version: 2.31.4
digest: sha256:ff04f1941a32d6cf35e5a97a82ec2ba90f0c1a3af312e2557ae0a41f447e494d
generated: "2026-10-05T09:37:07.078592271Z"
