dependencies:
- name: postgresql
  repository: https://charts.bitmoa.net/bitmoa/
  version: 16.8.8
- name: common
  repository: https://charts.bitmoa.net/bitmoa/
  version: 2.31.4
digest: sha256:7f8c4bf59c72afad16d7a4a539207aed9301001fe23a07455239d377471e7b84
generated: "2026-09-26T13:37:54.691307721Z"
