dependencies:
- name: postgresql
  repository: https://charts.bitmoa.net/bitmoa/
  version: 16.8.15
- name: common
  repository: https://charts.bitmoa.net/bitmoa/
  version: 2.31.4
digest: sha256:e69536cacd76e33a0b396cbe8dc9e74acd288a80b715d0301e9a8dc70fd2301b
generated: "2026-10-05T13:47:23.80951398Z"
