dependencies:
- name: grafana-alloy
  repository: https://charts.bitmoa.net/bitmoa/
  version: 1.3.1
- name: memcached
  repository: https://charts.bitmoa.net/bitmoa/
  version: 7.10.6
- name: memcached
  repository: https://charts.bitmoa.net/bitmoa/
  version: 7.10.6
- name: memcached
  repository: https://charts.bitmoa.net/bitmoa/
  version: 7.10.6
- name: memcached
  repository: https://charts.bitmoa.net/bitmoa/
  version: 7.10.6
- name: common
  repository: https://charts.bitmoa.net/bitmoa/
  version: 2.31.4
digest: sha256:513d25683269b7d05799ccb09f6ba2293ee4dba4b97b135c4ad247b3e88e8d2c
generated: "2026-10-06T18:23:31.625978662Z"
