dependencies:
- name: grafana-alloy
  repository: https://charts.bitmoa.net/bitmoa/
  version: 1.0.7
- name: memcached
  repository: https://charts.bitmoa.net/bitmoa/
  version: 7.9.8
- name: memcached
  repository: https://charts.bitmoa.net/bitmoa/
  version: 7.9.8
- name: memcached
  repository: https://charts.bitmoa.net/bitmoa/
  version: 7.9.8
- name: memcached
  repository: https://charts.bitmoa.net/bitmoa/
  version: 7.9.8
- name: common
  repository: https://charts.bitmoa.net/bitmoa/
  version: 2.31.4
digest: sha256:c16c46b9de1c2f44626989052ebe808968c25a0e4928ae5549a29de8490c7c41
generated: "2026-09-15T01:53:48.916130298Z"
