dependencies:
- name: grafana-alloy
  repository: https://charts.bitmoa.net/bitmoa/
  version: 1.3.3
- name: memcached
  repository: https://charts.bitmoa.net/bitmoa/
  version: 7.10.6
- name: memcached
  repository: https://charts.bitmoa.net/bitmoa/
  version: 7.10.6
- name: memcached
  repository: https://charts.bitmoa.net/bitmoa/
  version: 7.10.6
- name: memcached
  repository: https://charts.bitmoa.net/bitmoa/
  version: 7.10.6
- name: common
  repository: https://charts.bitmoa.net/bitmoa/
  version: 2.31.4
digest: sha256:71bba5e6a897f06b86c66acac5a14e5335a2807e2a7a77cd1f41b074b81f0ff8
generated: "2026-10-07T00:32:37.901196059Z"
